
Microsoft Visual Studio Solution File, Format Version 12.00
# Visual Studio Version 17
VisualStudioVersion = 17.7.34031.279
MinimumVisualStudioVersion = 10.0.40219.1
Project("{FAE04EC0-301F-11D3-BF4B-00C04F79EFBC}") = "PhaseField-IGA-Polycarbonate", "PhaseField-IGA-Polycarbonate\PhaseField-IGA-Polycarbonate.csproj", "{C47D6D9F-D07E-41E4-AD06-CF5165E7F29C}"
EndProject
Global
	GlobalSection(SolutionConfigurationPlatforms) = preSolution
		Debug|Any CPU = Debug|Any CPU
		Release|Any CPU = Release|Any CPU
	EndGlobalSection
	GlobalSection(ProjectConfigurationPlatforms) = postSolution
		{C47D6D9F-D07E-41E4-AD06-CF5165E7F29C}.Debug|Any CPU.ActiveCfg = Debug|Any CPU
		{C47D6D9F-D07E-41E4-AD06-CF5165E7F29C}.Debug|Any CPU.Build.0 = Debug|Any CPU
		{C47D6D9F-D07E-41E4-AD06-CF5165E7F29C}.Release|Any CPU.ActiveCfg = Release|Any CPU
		{C47D6D9F-D07E-41E4-AD06-CF5165E7F29C}.Release|Any CPU.Build.0 = Release|Any CPU
	EndGlobalSection
	GlobalSection(SolutionProperties) = preSolution
		HideSolutionNode = FALSE
	EndGlobalSection
	GlobalSection(ExtensibilityGlobals) = postSolution
		SolutionGuid = {EE20A911-6E88-4EBC-9FD7-61BF47AF1D75}
	EndGlobalSection
EndGlobal
